
Microsoft Visual Studio Solution File, Format Version 12.00
# Visual Studio 14
VisualStudioVersion = 14.0.25420.1
MinimumVisualStudioVersion = 10.0.40219.1
Project("{FAE04EC0-301F-11D3-BF4B-00C04F79EFBC}") = "TakeTwo", "TakeTwo\TakeTwo\TakeTwo.csproj", "{B3DE576C-A844-4BCF-A3D1-619124DBB889}"
EndProject
Project("{FAE04EC0-301F-11D3-BF4B-00C04F79EFBC}") = "TakeTwo.Droid", "TakeTwo\TakeTwo.Droid\TakeTwo.Droid.csproj", "{FE0EAC10-CBE1-45DB-A93E-D9FB256EC9F3}"
EndProject
Project("{FAE04EC0-301F-11D3-BF4B-00C04F79EFBC}") = "TakeTwo.iOS", "TakeTwo\TakeTwo.iOS\TakeTwo.iOS.csproj", "{2118A9DF-F084-4140-BF4E-77F646284732}"
EndProject
Project("{FAE04EC0-301F-11D3-BF4B-00C04F79EFBC}") = "TakeTwo.WinPhone", "TakeTwo\TakeTwo.WinPhone\TakeTwo.WinPhone.csproj", "{DBDFDB93-1A2E-4511-AF50-1A19BB64795B}"
EndProject
Project("{FAE04EC0-301F-11D3-BF4B-00C04F79EFBC}") = "TakeTwo.Windows", "TakeTwo\TakeTwo.Windows\TakeTwo.Windows.csproj", "{F46A426A-B9A6-4560-8241-46BC636061A7}"
EndProject
Global
	GlobalSection(SolutionConfigurationPlatforms) = preSolution
		Ad-Hoc|Any CPU = Ad-Hoc|Any CPU
		Ad-Hoc|ARM = Ad-Hoc|ARM
		Ad-Hoc|iPhone = Ad-Hoc|iPhone
		Ad-Hoc|iPhoneSimulator = Ad-Hoc|iPhoneSimulator
		Ad-Hoc|x64 = Ad-Hoc|x64
		Ad-Hoc|x86 = Ad-Hoc|x86
		AppStore|Any CPU = AppStore|Any CPU
		AppStore|ARM = AppStore|ARM
		AppStore|iPhone = AppStore|iPhone
		AppStore|iPhoneSimulator = AppStore|iPhoneSimulator
		AppStore|x64 = AppStore|x64
		AppStore|x86 = AppStore|x86
		Debug|Any CPU = Debug|Any CPU
		Debug|ARM = Debug|ARM
		Debug|iPhone = Debug|iPhone
		Debug|iPhoneSimulator = Debug|iPhoneSimulator
		Debug|x64 = Debug|x64
		Debug|x86 = Debug|x86
		Release|Any CPU = Release|Any CPU
		Release|ARM = Release|ARM
		Release|iPhone = Release|iPhone
		Release|iPhoneSimulator = Release|iPhoneSimulator
		Release|x64 = Release|x64
		Release|x86 = Release|x86
	EndGlobalSection
	GlobalSection(ProjectConfigurationPlatforms) = postSolution
		{B3DE576C-A844-4BCF-A3D1-619124DBB889}.Ad-Hoc|Any CPU.ActiveCfg = Release|Any CPU
		{B3DE576C-A844-4BCF-A3D1-619124DBB889}.Ad-Hoc|Any CPU.Build.0 = Release|Any CPU
		{B3DE576C-A844-4BCF-A3D1-619124DBB889}.Ad-Hoc|ARM.ActiveCfg = Release|Any CPU
		{B3DE576C-A844-4BCF-A3D1-619124DBB889}.Ad-Hoc|ARM.Build.0 = Release|Any CPU
		{B3DE576C-A844-4BCF-A3D1-619124DBB889}.Ad-Hoc|iPhone.ActiveCfg = Release|Any CPU
		{B3DE576C-A844-4BCF-A3D1-619124DBB889}.Ad-Hoc|iPhone.Build.0 = Release|Any CPU
		{B3DE576C-A844-4BCF-A3D1-619124DBB889}.Ad-Hoc|iPhoneSimulator.ActiveCfg = Release|Any CPU
		{B3DE576C-A844-4BCF-A3D1-619124DBB889}.Ad-Hoc|iPhoneSimulator.Build.0 = Release|Any CPU
		{B3DE576C-A844-4BCF-A3D1-619124DBB889}.Ad-Hoc|x64.ActiveCfg = Release|Any CPU
		{B3DE576C-A844-4BCF-A3D1-619124DBB889}.Ad-Hoc|x64.Build.0 = Release|Any CPU
		{B3DE576C-A844-4BCF-A3D1-619124DBB889}.Ad-Hoc|x86.ActiveCfg = Release|Any CPU
		{B3DE576C-A844-4BCF-A3D1-619124DBB889}.Ad-Hoc|x86.Build.0 = Release|Any CPU
		{B3DE576C-A844-4BCF-A3D1-619124DBB889}.AppStore|Any CPU.ActiveCfg = Release|Any CPU
		{B3DE576C-A844-4BCF-A3D1-619124DBB889}.AppStore|Any CPU.Build.0 = Release|Any CPU
		{B3DE576C-A844-4BCF-A3D1-619124DBB889}.AppStore|ARM.ActiveCfg = Release|Any CPU
		{B3DE576C-A844-4BCF-A3D1-619124DBB889}.AppStore|ARM.Build.0 = Release|Any CPU
		{B3DE576C-A844-4BCF-A3D1-619124DBB889}.AppStore|iPhone.ActiveCfg = Release|Any CPU
		{B3DE576C-A844-4BCF-A3D1-619124DBB889}.AppStore|iPhone.Build.0 = Release|Any CPU
		{B3DE576C-A844-4BCF-A3D1-619124DBB889}.AppStore|iPhoneSimulator.ActiveCfg = Release|Any CPU
		{B3DE576C-A844-4BCF-A3D1-619124DBB889}.AppStore|iPhoneSimulator.Build.0 = Release|Any CPU
		{B3DE576C-A844-4BCF-A3D1-619124DBB889}.AppStore|x64.ActiveCfg = Release|Any CPU
		{B3DE576C-A844-4BCF-A3D1-619124DBB889}.AppStore|x64.Build.0 = Release|Any CPU
		{B3DE576C-A844-4BCF-A3D1-619124DBB889}.AppStore|x86.ActiveCfg = Release|Any CPU
		{B3DE576C-A844-4BCF-A3D1-619124DBB889}.AppStore|x86.Build.0 = Release|Any CPU
		{B3DE576C-A844-4BCF-A3D1-619124DBB889}.Debug|Any CPU.ActiveCfg = Debug|Any CPU
		{B3DE576C-A844-4BCF-A3D1-619124DBB889}.Debug|Any CPU.Build.0 = Debug|Any CPU
		{B3DE576C-A844-4BCF-A3D1-619124DBB889}.Debug|ARM.ActiveCfg = Debug|Any CPU
		{B3DE576C-A844-4BCF-A3D1-619124DBB889}.Debug|ARM.Build.0 = Debug|Any CPU
		{B3DE576C-A844-4BCF-A3D1-619124DBB889}.Debug|iPhone.ActiveCfg = Debug|Any CPU
		{B3DE576C-A844-4BCF-A3D1-619124DBB889}.Debug|iPhone.Build.0 = Debug|Any CPU
		{B3DE576C-A844-4BCF-A3D1-619124DBB889}.Debug|iPhoneSimulator.ActiveCfg = Debug|Any CPU
		{B3DE576C-A844-4BCF-A3D1-619124DBB889}.Debug|iPhoneSimulator.Build.0 = Debug|Any CPU
		{B3DE576C-A844-4BCF-A3D1-619124DBB889}.Debug|x64.ActiveCfg = Debug|Any CPU
		{B3DE576C-A844-4BCF-A3D1-619124DBB889}.Debug|x64.Build.0 = Debug|Any CPU
		{B3DE576C-A844-4BCF-A3D1-619124DBB889}.Debug|x86.ActiveCfg = Debug|Any CPU
		{B3DE576C-A844-4BCF-A3D1-619124DBB889}.Debug|x86.Build.0 = Debug|Any CPU
		{B3DE576C-A844-4BCF-A3D1-619124DBB889}.Release|Any CPU.ActiveCfg = Release|Any CPU
		{B3DE576C-A844-4BCF-A3D1-619124DBB889}.Release|Any CPU.Build.0 = Release|Any CPU
		{B3DE576C-A844-4BCF-A3D1-619124DBB889}.Release|ARM.ActiveCfg = Release|Any CPU
		{B3DE576C-A844-4BCF-A3D1-619124DBB889}.Release|ARM.Build.0 = Release|Any CPU
		{B3DE576C-A844-4BCF-A3D1-619124DBB889}.Release|iPhone.ActiveCfg = Release|Any CPU
		{B3DE576C-A844-4BCF-A3D1-619124DBB889}.Release|iPhone.Build.0 = Release|Any CPU
		{B3DE576C-A844-4BCF-A3D1-619124DBB889}.Release|iPhoneSimulator.ActiveCfg = Release|Any CPU
		{B3DE576C-A844-4BCF-A3D1-619124DBB889}.Release|iPhoneSimulator.Build.0 = Release|Any CPU
		{B3DE576C-A844-4BCF-A3D1-619124DBB889}.Release|x64.ActiveCfg = Release|Any CPU
		{B3DE576C-A844-4BCF-A3D1-619124DBB889}.Release|x64.Build.0 = Release|Any CPU
		{B3DE576C-A844-4BCF-A3D1-619124DBB889}.Release|x86.ActiveCfg = Release|Any CPU
		{B3DE576C-A844-4BCF-A3D1-619124DBB889}.Release|x86.Build.0 = Release|Any CPU
		{FE0EAC10-CBE1-45DB-A93E-D9FB256EC9F3}.Ad-Hoc|Any CPU.ActiveCfg = Release|Any CPU
		{FE0EAC10-CBE1-45DB-A93E-D9FB256EC9F3}.Ad-Hoc|Any CPU.Build.0 = Release|Any CPU
		{FE0EAC10-CBE1-45DB-A93E-D9FB256EC9F3}.Ad-Hoc|Any CPU.Deploy.0 = Release|Any CPU
		{FE0EAC10-CBE1-45DB-A93E-D9FB256EC9F3}.Ad-Hoc|ARM.ActiveCfg = Release|Any CPU
		{FE0EAC10-CBE1-45DB-A93E-D9FB256EC9F3}.Ad-Hoc|ARM.Build.0 = Release|Any CPU
		{FE0EAC10-CBE1-45DB-A93E-D9FB256EC9F3}.Ad-Hoc|ARM.Deploy.0 = Release|Any CPU
		{FE0EAC10-CBE1-45DB-A93E-D9FB256EC9F3}.Ad-Hoc|iPhone.ActiveCfg = Release|Any CPU
		{FE0EAC10-CBE1-45DB-A93E-D9FB256EC9F3}.Ad-Hoc|iPhone.Build.0 = Release|Any CPU
		{FE0EAC10-CBE1-45DB-A93E-D9FB256EC9F3}.Ad-Hoc|iPhone.Deploy.0 = Release|Any CPU
		{FE0EAC10-CBE1-45DB-A93E-D9FB256EC9F3}.Ad-Hoc|iPhoneSimulator.ActiveCfg = Release|Any CPU
		{FE0EAC10-CBE1-45DB-A93E-D9FB256EC9F3}.Ad-Hoc|iPhoneSimulator.Build.0 = Release|Any CPU
		{FE0EAC10-CBE1-45DB-A93E-D9FB256EC9F3}.Ad-Hoc|iPhoneSimulator.Deploy.0 = Release|Any CPU
		{FE0EAC10-CBE1-45DB-A93E-D9FB256EC9F3}.Ad-Hoc|x64.ActiveCfg = Release|Any CPU
		{FE0EAC10-CBE1-45DB-A93E-D9FB256EC9F3}.Ad-Hoc|x64.Build.0 = Release|Any CPU
		{FE0EAC10-CBE1-45DB-A93E-D9FB256EC9F3}.Ad-Hoc|x64.Deploy.0 = Release|Any CPU
		{FE0EAC10-CBE1-45DB-A93E-D9FB256EC9F3}.Ad-Hoc|x86.ActiveCfg = Release|Any CPU
		{FE0EAC10-CBE1-45DB-A93E-D9FB256EC9F3}.Ad-Hoc|x86.Build.0 = Release|Any CPU
		{FE0EAC10-CBE1-45DB-A93E-D9FB256EC9F3}.Ad-Hoc|x86.Deploy.0 = Release|Any CPU
		{FE0EAC10-CBE1-45DB-A93E-D9FB256EC9F3}.AppStore|Any CPU.ActiveCfg = Release|Any CPU
		{FE0EAC10-CBE1-45DB-A93E-D9FB256EC9F3}.AppStore|Any CPU.Build.0 = Release|Any CPU
		{FE0EAC10-CBE1-45DB-A93E-D9FB256EC9F3}.AppStore|Any CPU.Deploy.0 = Release|Any CPU
		{FE0EAC10-CBE1-45DB-A93E-D9FB256EC9F3}.AppStore|ARM.ActiveCfg = Release|Any CPU
		{FE0EAC10-CBE1-45DB-A93E-D9FB256EC9F3}.AppStore|ARM.Build.0 = Release|Any CPU
		{FE0EAC10-CBE1-45DB-A93E-D9FB256EC9F3}.AppStore|ARM.Deploy.0 = Release|Any CPU
		{FE0EAC10-CBE1-45DB-A93E-D9FB256EC9F3}.AppStore|iPhone.ActiveCfg = Release|Any CPU
		{FE0EAC10-CBE1-45DB-A93E-D9FB256EC9F3}.AppStore|iPhone.Build.0 = Release|Any CPU
		{FE0EAC10-CBE1-45DB-A93E-D9FB256EC9F3}.AppStore|iPhone.Deploy.0 = Release|Any CPU
		{FE0EAC10-CBE1-45DB-A93E-D9FB256EC9F3}.AppStore|iPhoneSimulator.ActiveCfg = Release|Any CPU
		{FE0EAC10-CBE1-45DB-A93E-D9FB256EC9F3}.AppStore|iPhoneSimulator.Build.0 = Release|Any CPU
		{FE0EAC10-CBE1-45DB-A93E-D9FB256EC9F3}.AppStore|iPhoneSimulator.Deploy.0 = Release|Any CPU
		{FE0EAC10-CBE1-45DB-A93E-D9FB256EC9F3}.AppStore|x64.ActiveCfg = Release|Any CPU
		{FE0EAC10-CBE1-45DB-A93E-D9FB256EC9F3}.AppStore|x64.Build.0 = Release|Any CPU
		{FE0EAC10-CBE1-45DB-A93E-D9FB256EC9F3}.AppStore|x64.Deploy.0 = Release|Any CPU
		{FE0EAC10-CBE1-45DB-A93E-D9FB256EC9F3}.AppStore|x86.ActiveCfg = Release|Any CPU
		{FE0EAC10-CBE1-45DB-A93E-D9FB256EC9F3}.AppStore|x86.Build.0 = Release|Any CPU
		{FE0EAC10-CBE1-45DB-A93E-D9FB256EC9F3}.AppStore|x86.Deploy.0 = Release|Any CPU
		{FE0EAC10-CBE1-45DB-A93E-D9FB256EC9F3}.Debug|Any CPU.ActiveCfg = Debug|Any CPU
		{FE0EAC10-CBE1-45DB-A93E-D9FB256EC9F3}.Debug|Any CPU.Build.0 = Debug|Any CPU
		{FE0EAC10-CBE1-45DB-A93E-D9FB256EC9F3}.Debug|Any CPU.Deploy.0 = Debug|Any CPU
		{FE0EAC10-CBE1-45DB-A93E-D9FB256EC9F3}.Debug|ARM.ActiveCfg = Debug|Any CPU
		{FE0EAC10-CBE1-45DB-A93E-D9FB256EC9F3}.Debug|ARM.Build.0 = Debug|Any CPU
		{FE0EAC10-CBE1-45DB-A93E-D9FB256EC9F3}.Debug|ARM.Deploy.0 = Debug|Any CPU
		{FE0EAC10-CBE1-45DB-A93E-D9FB256EC9F3}.Debug|iPhone.ActiveCfg = Debug|Any CPU
		{FE0EAC10-CBE1-45DB-A93E-D9FB256EC9F3}.Debug|iPhone.Build.0 = Debug|Any CPU
		{FE0EAC10-CBE1-45DB-A93E-D9FB256EC9F3}.Debug|iPhone.Deploy.0 = Debug|Any CPU
		{FE0EAC10-CBE1-45DB-A93E-D9FB256EC9F3}.Debug|iPhoneSimulator.ActiveCfg = Debug|Any CPU
		{FE0EAC10-CBE1-45DB-A93E-D9FB256EC9F3}.Debug|iPhoneSimulator.Build.0 = Debug|Any CPU
		{FE0EAC10-CBE1-45DB-A93E-D9FB256EC9F3}.Debug|iPhoneSimulator.Deploy.0 = Debug|Any CPU
		{FE0EAC10-CBE1-45DB-A93E-D9FB256EC9F3}.Debug|x64.ActiveCfg = Debug|Any CPU
		{FE0EAC10-CBE1-45DB-A93E-D9FB256EC9F3}.Debug|x64.Build.0 = Debug|Any CPU
		{FE0EAC10-CBE1-45DB-A93E-D9FB256EC9F3}.Debug|x64.Deploy.0 = Debug|Any CPU
		{FE0EAC10-CBE1-45DB-A93E-D9FB256EC9F3}.Debug|x86.ActiveCfg = Debug|Any CPU
		{FE0EAC10-CBE1-45DB-A93E-D9FB256EC9F3}.Debug|x86.Build.0 = Debug|Any CPU
		{FE0EAC10-CBE1-45DB-A93E-D9FB256EC9F3}.Debug|x86.Deploy.0 = Debug|Any CPU
		{FE0EAC10-CBE1-45DB-A93E-D9FB256EC9F3}.Release|Any CPU.ActiveCfg = Release|Any CPU
		{FE0EAC10-CBE1-45DB-A93E-D9FB256EC9F3}.Release|Any CPU.Build.0 = Release|Any CPU
		{FE0EAC10-CBE1-45DB-A93E-D9FB256EC9F3}.Release|Any CPU.Deploy.0 = Release|Any CPU
		{FE0EAC10-CBE1-45DB-A93E-D9FB256EC9F3}.Release|ARM.ActiveCfg = Release|Any CPU
		{FE0EAC10-CBE1-45DB-A93E-D9FB256EC9F3}.Release|ARM.Build.0 = Release|Any CPU
		{FE0EAC10-CBE1-45DB-A93E-D9FB256EC9F3}.Release|ARM.Deploy.0 = Release|Any CPU
		{FE0EAC10-CBE1-45DB-A93E-D9FB256EC9F3}.Release|iPhone.ActiveCfg = Release|Any CPU
		{FE0EAC10-CBE1-45DB-A93E-D9FB256EC9F3}.Release|iPhone.Build.0 = Release|Any CPU
		{FE0EAC10-CBE1-45DB-A93E-D9FB256EC9F3}.Release|iPhone.Deploy.0 = Release|Any CPU
		{FE0EAC10-CBE1-45DB-A93E-D9FB256EC9F3}.Release|iPhoneSimulator.ActiveCfg = Release|Any CPU
		{FE0EAC10-CBE1-45DB-A93E-D9FB256EC9F3}.Release|iPhoneSimulator.Build.0 = Release|Any CPU
		{FE0EAC10-CBE1-45DB-A93E-D9FB256EC9F3}.Release|iPhoneSimulator.Deploy.0 = Release|Any CPU
		{FE0EAC10-CBE1-45DB-A93E-D9FB256EC9F3}.Release|x64.ActiveCfg = Release|Any CPU
		{FE0EAC10-CBE1-45DB-A93E-D9FB256EC9F3}.Release|x64.Build.0 = Release|Any CPU
		{FE0EAC10-CBE1-45DB-A93E-D9FB256EC9F3}.Release|x64.Deploy.0 = Release|Any CPU
		{FE0EAC10-CBE1-45DB-A93E-D9FB256EC9F3}.Release|x86.ActiveCfg = Release|Any CPU
		{FE0EAC10-CBE1-45DB-A93E-D9FB256EC9F3}.Release|x86.Build.0 = Release|Any CPU
		{FE0EAC10-CBE1-45DB-A93E-D9FB256EC9F3}.Release|x86.Deploy.0 = Release|Any CPU
		{2118A9DF-F084-4140-BF4E-77F646284732}.Ad-Hoc|Any CPU.ActiveCfg = Ad-Hoc|iPhone
		{2118A9DF-F084-4140-BF4E-77F646284732}.Ad-Hoc|ARM.ActiveCfg = Ad-Hoc|iPhone
		{2118A9DF-F084-4140-BF4E-77F646284732}.Ad-Hoc|iPhone.ActiveCfg = Ad-Hoc|iPhone
		{2118A9DF-F084-4140-BF4E-77F646284732}.Ad-Hoc|iPhone.Build.0 = Ad-Hoc|iPhone
		{2118A9DF-F084-4140-BF4E-77F646284732}.Ad-Hoc|iPhoneSimulator.ActiveCfg = Ad-Hoc|iPhoneSimulator
		{2118A9DF-F084-4140-BF4E-77F646284732}.Ad-Hoc|iPhoneSimulator.Build.0 = Ad-Hoc|iPhoneSimulator
		{2118A9DF-F084-4140-BF4E-77F646284732}.Ad-Hoc|x64.ActiveCfg = Ad-Hoc|iPhone
		{2118A9DF-F084-4140-BF4E-77F646284732}.Ad-Hoc|x86.ActiveCfg = Ad-Hoc|iPhone
		{2118A9DF-F084-4140-BF4E-77F646284732}.AppStore|Any CPU.ActiveCfg = AppStore|iPhone
		{2118A9DF-F084-4140-BF4E-77F646284732}.AppStore|ARM.ActiveCfg = AppStore|iPhone
		{2118A9DF-F084-4140-BF4E-77F646284732}.AppStore|iPhone.ActiveCfg = AppStore|iPhone
		{2118A9DF-F084-4140-BF4E-77F646284732}.AppStore|iPhone.Build.0 = AppStore|iPhone
		{2118A9DF-F084-4140-BF4E-77F646284732}.AppStore|iPhoneSimulator.ActiveCfg = AppStore|iPhoneSimulator
		{2118A9DF-F084-4140-BF4E-77F646284732}.AppStore|iPhoneSimulator.Build.0 = AppStore|iPhoneSimulator
		{2118A9DF-F084-4140-BF4E-77F646284732}.AppStore|x64.ActiveCfg = AppStore|iPhone
		{2118A9DF-F084-4140-BF4E-77F646284732}.AppStore|x86.ActiveCfg = AppStore|iPhone
		{2118A9DF-F084-4140-BF4E-77F646284732}.Debug|Any CPU.ActiveCfg = Debug|iPhone
		{2118A9DF-F084-4140-BF4E-77F646284732}.Debug|ARM.ActiveCfg = Debug|iPhone
		{2118A9DF-F084-4140-BF4E-77F646284732}.Debug|iPhone.ActiveCfg = Debug|iPhone
		{2118A9DF-F084-4140-BF4E-77F646284732}.Debug|iPhone.Build.0 = Debug|iPhone
		{2118A9DF-F084-4140-BF4E-77F646284732}.Debug|iPhoneSimulator.ActiveCfg = Debug|iPhoneSimulator
		{2118A9DF-F084-4140-BF4E-77F646284732}.Debug|iPhoneSimulator.Build.0 = Debug|iPhoneSimulator
		{2118A9DF-F084-4140-BF4E-77F646284732}.Debug|x64.ActiveCfg = Debug|iPhone
		{2118A9DF-F084-4140-BF4E-77F646284732}.Debug|x86.ActiveCfg = Debug|iPhone
		{2118A9DF-F084-4140-BF4E-77F646284732}.Release|Any CPU.ActiveCfg = Release|iPhone
		{2118A9DF-F084-4140-BF4E-77F646284732}.Release|ARM.ActiveCfg = Release|iPhone
		{2118A9DF-F084-4140-BF4E-77F646284732}.Release|iPhone.ActiveCfg = Release|iPhone
		{2118A9DF-F084-4140-BF4E-77F646284732}.Release|iPhone.Build.0 = Release|iPhone
		{2118A9DF-F084-4140-BF4E-77F646284732}.Release|iPhoneSimulator.ActiveCfg = Release|iPhoneSimulator
		{2118A9DF-F084-4140-BF4E-77F646284732}.Release|iPhoneSimulator.Build.0 = Release|iPhoneSimulator
		{2118A9DF-F084-4140-BF4E-77F646284732}.Release|x64.ActiveCfg = Release|iPhone
		{2118A9DF-F084-4140-BF4E-77F646284732}.Release|x86.ActiveCfg = Release|iPhone
		{DBDFDB93-1A2E-4511-AF50-1A19BB64795B}.Ad-Hoc|Any CPU.ActiveCfg = Release|Any CPU
		{DBDFDB93-1A2E-4511-AF50-1A19BB64795B}.Ad-Hoc|Any CPU.Build.0 = Release|Any CPU
		{DBDFDB93-1A2E-4511-AF50-1A19BB64795B}.Ad-Hoc|Any CPU.Deploy.0 = Release|Any CPU
		{DBDFDB93-1A2E-4511-AF50-1A19BB64795B}.Ad-Hoc|ARM.ActiveCfg = Release|ARM
		{DBDFDB93-1A2E-4511-AF50-1A19BB64795B}.Ad-Hoc|ARM.Build.0 = Release|ARM
		{DBDFDB93-1A2E-4511-AF50-1A19BB64795B}.Ad-Hoc|ARM.Deploy.0 = Release|ARM
		{DBDFDB93-1A2E-4511-AF50-1A19BB64795B}.Ad-Hoc|iPhone.ActiveCfg = Release|Any CPU
		{DBDFDB93-1A2E-4511-AF50-1A19BB64795B}.Ad-Hoc|iPhone.Build.0 = Release|Any CPU
		{DBDFDB93-1A2E-4511-AF50-1A19BB64795B}.Ad-Hoc|iPhone.Deploy.0 = Release|Any CPU
		{DBDFDB93-1A2E-4511-AF50-1A19BB64795B}.Ad-Hoc|iPhoneSimulator.ActiveCfg = Release|Any CPU
		{DBDFDB93-1A2E-4511-AF50-1A19BB64795B}.Ad-Hoc|iPhoneSimulator.Build.0 = Release|Any CPU
		{DBDFDB93-1A2E-4511-AF50-1A19BB64795B}.Ad-Hoc|iPhoneSimulator.Deploy.0 = Release|Any CPU
		{DBDFDB93-1A2E-4511-AF50-1A19BB64795B}.Ad-Hoc|x64.ActiveCfg = Release|Any CPU
		{DBDFDB93-1A2E-4511-AF50-1A19BB64795B}.Ad-Hoc|x64.Build.0 = Release|Any CPU
		{DBDFDB93-1A2E-4511-AF50-1A19BB64795B}.Ad-Hoc|x64.Deploy.0 = Release|Any CPU
		{DBDFDB93-1A2E-4511-AF50-1A19BB64795B}.Ad-Hoc|x86.ActiveCfg = Release|x86
		{DBDFDB93-1A2E-4511-AF50-1A19BB64795B}.Ad-Hoc|x86.Build.0 = Release|x86
		{DBDFDB93-1A2E-4511-AF50-1A19BB64795B}.Ad-Hoc|x86.Deploy.0 = Release|x86
		{DBDFDB93-1A2E-4511-AF50-1A19BB64795B}.AppStore|Any CPU.ActiveCfg = Release|Any CPU
		{DBDFDB93-1A2E-4511-AF50-1A19BB64795B}.AppStore|Any CPU.Build.0 = Release|Any CPU
		{DBDFDB93-1A2E-4511-AF50-1A19BB64795B}.AppStore|Any CPU.Deploy.0 = Release|Any CPU
		{DBDFDB93-1A2E-4511-AF50-1A19BB64795B}.AppStore|ARM.ActiveCfg = Release|ARM
		{DBDFDB93-1A2E-4511-AF50-1A19BB64795B}.AppStore|ARM.Build.0 = Release|ARM
		{DBDFDB93-1A2E-4511-AF50-1A19BB64795B}.AppStore|ARM.Deploy.0 = Release|ARM
		{DBDFDB93-1A2E-4511-AF50-1A19BB64795B}.AppStore|iPhone.ActiveCfg = Release|Any CPU
		{DBDFDB93-1A2E-4511-AF50-1A19BB64795B}.AppStore|iPhone.Build.0 = Release|Any CPU
		{DBDFDB93-1A2E-4511-AF50-1A19BB64795B}.AppStore|iPhone.Deploy.0 = Release|Any CPU
		{DBDFDB93-1A2E-4511-AF50-1A19BB64795B}.AppStore|iPhoneSimulator.ActiveCfg = Release|Any CPU
		{DBDFDB93-1A2E-4511-AF50-1A19BB64795B}.AppStore|iPhoneSimulator.Build.0 = Release|Any CPU
		{DBDFDB93-1A2E-4511-AF50-1A19BB64795B}.AppStore|iPhoneSimulator.Deploy.0 = Release|Any CPU
		{DBDFDB93-1A2E-4511-AF50-1A19BB64795B}.AppStore|x64.ActiveCfg = Release|Any CPU
		{DBDFDB93-1A2E-4511-AF50-1A19BB64795B}.AppStore|x64.Build.0 = Release|Any CPU
		{DBDFDB93-1A2E-4511-AF50-1A19BB64795B}.AppStore|x64.Deploy.0 = Release|Any CPU
		{DBDFDB93-1A2E-4511-AF50-1A19BB64795B}.AppStore|x86.ActiveCfg = Release|x86
		{DBDFDB93-1A2E-4511-AF50-1A19BB64795B}.AppStore|x86.Build.0 = Release|x86
		{DBDFDB93-1A2E-4511-AF50-1A19BB64795B}.AppStore|x86.Deploy.0 = Release|x86
		{DBDFDB93-1A2E-4511-AF50-1A19BB64795B}.Debug|Any CPU.ActiveCfg = Debug|Any CPU
		{DBDFDB93-1A2E-4511-AF50-1A19BB64795B}.Debug|Any CPU.Build.0 = Debug|Any CPU
		{DBDFDB93-1A2E-4511-AF50-1A19BB64795B}.Debug|Any CPU.Deploy.0 = Debug|Any CPU
		{DBDFDB93-1A2E-4511-AF50-1A19BB64795B}.Debug|ARM.ActiveCfg = Debug|ARM
		{DBDFDB93-1A2E-4511-AF50-1A19BB64795B}.Debug|ARM.Build.0 = Debug|ARM
		{DBDFDB93-1A2E-4511-AF50-1A19BB64795B}.Debug|ARM.Deploy.0 = Debug|ARM
		{DBDFDB93-1A2E-4511-AF50-1A19BB64795B}.Debug|iPhone.ActiveCfg = Debug|Any CPU
		{DBDFDB93-1A2E-4511-AF50-1A19BB64795B}.Debug|iPhone.Build.0 = Debug|Any CPU
		{DBDFDB93-1A2E-4511-AF50-1A19BB64795B}.Debug|iPhone.Deploy.0 = Debug|Any CPU
		{DBDFDB93-1A2E-4511-AF50-1A19BB64795B}.Debug|iPhoneSimulator.ActiveCfg = Debug|Any CPU
		{DBDFDB93-1A2E-4511-AF50-1A19BB64795B}.Debug|iPhoneSimulator.Build.0 = Debug|Any CPU
		{DBDFDB93-1A2E-4511-AF50-1A19BB64795B}.Debug|iPhoneSimulator.Deploy.0 = Debug|Any CPU
		{DBDFDB93-1A2E-4511-AF50-1A19BB64795B}.Debug|x64.ActiveCfg = Debug|Any CPU
		{DBDFDB93-1A2E-4511-AF50-1A19BB64795B}.Debug|x64.Build.0 = Debug|Any CPU
		{DBDFDB93-1A2E-4511-AF50-1A19BB64795B}.Debug|x64.Deploy.0 = Debug|Any CPU
		{DBDFDB93-1A2E-4511-AF50-1A19BB64795B}.Debug|x86.ActiveCfg = Debug|x86
		{DBDFDB93-1A2E-4511-AF50-1A19BB64795B}.Debug|x86.Build.0 = Debug|x86
		{DBDFDB93-1A2E-4511-AF50-1A19BB64795B}.Debug|x86.Deploy.0 = Debug|x86
		{DBDFDB93-1A2E-4511-AF50-1A19BB64795B}.Release|Any CPU.ActiveCfg = Release|Any CPU
		{DBDFDB93-1A2E-4511-AF50-1A19BB64795B}.Release|Any CPU.Build.0 = Release|Any CPU
		{DBDFDB93-1A2E-4511-AF50-1A19BB64795B}.Release|Any CPU.Deploy.0 = Release|Any CPU
		{DBDFDB93-1A2E-4511-AF50-1A19BB64795B}.Release|ARM.ActiveCfg = Release|ARM
		{DBDFDB93-1A2E-4511-AF50-1A19BB64795B}.Release|ARM.Build.0 = Release|ARM
		{DBDFDB93-1A2E-4511-AF50-1A19BB64795B}.Release|ARM.Deploy.0 = Release|ARM
		{DBDFDB93-1A2E-4511-AF50-1A19BB64795B}.Release|iPhone.ActiveCfg = Release|Any CPU
		{DBDFDB93-1A2E-4511-AF50-1A19BB64795B}.Release|iPhone.Build.0 = Release|Any CPU
		{DBDFDB93-1A2E-4511-AF50-1A19BB64795B}.Release|iPhone.Deploy.0 = Release|Any CPU
		{DBDFDB93-1A2E-4511-AF50-1A19BB64795B}.Release|iPhoneSimulator.ActiveCfg = Release|Any CPU
		{DBDFDB93-1A2E-4511-AF50-1A19BB64795B}.Release|iPhoneSimulator.Build.0 = Release|Any CPU
		{DBDFDB93-1A2E-4511-AF50-1A19BB64795B}.Release|iPhoneSimulator.Deploy.0 = Release|Any CPU
		{DBDFDB93-1A2E-4511-AF50-1A19BB64795B}.Release|x64.ActiveCfg = Release|Any CPU
		{DBDFDB93-1A2E-4511-AF50-1A19BB64795B}.Release|x64.Build.0 = Release|Any CPU
		{DBDFDB93-1A2E-4511-AF50-1A19BB64795B}.Release|x64.Deploy.0 = Release|Any CPU
		{DBDFDB93-1A2E-4511-AF50-1A19BB64795B}.Release|x86.ActiveCfg = Release|x86
		{DBDFDB93-1A2E-4511-AF50-1A19BB64795B}.Release|x86.Build.0 = Release|x86
		{DBDFDB93-1A2E-4511-AF50-1A19BB64795B}.Release|x86.Deploy.0 = Release|x86
		{F46A426A-B9A6-4560-8241-46BC636061A7}.Ad-Hoc|Any CPU.ActiveCfg = Release|Any CPU
		{F46A426A-B9A6-4560-8241-46BC636061A7}.Ad-Hoc|Any CPU.Build.0 = Release|Any CPU
		{F46A426A-B9A6-4560-8241-46BC636061A7}.Ad-Hoc|Any CPU.Deploy.0 = Release|Any CPU
		{F46A426A-B9A6-4560-8241-46BC636061A7}.Ad-Hoc|ARM.ActiveCfg = Release|ARM
		{F46A426A-B9A6-4560-8241-46BC636061A7}.Ad-Hoc|ARM.Build.0 = Release|ARM
		{F46A426A-B9A6-4560-8241-46BC636061A7}.Ad-Hoc|ARM.Deploy.0 = Release|ARM
		{F46A426A-B9A6-4560-8241-46BC636061A7}.Ad-Hoc|iPhone.ActiveCfg = Release|Any CPU
		{F46A426A-B9A6-4560-8241-46BC636061A7}.Ad-Hoc|iPhone.Build.0 = Release|Any CPU
		{F46A426A-B9A6-4560-8241-46BC636061A7}.Ad-Hoc|iPhone.Deploy.0 = Release|Any CPU
		{F46A426A-B9A6-4560-8241-46BC636061A7}.Ad-Hoc|iPhoneSimulator.ActiveCfg = Release|Any CPU
		{F46A426A-B9A6-4560-8241-46BC636061A7}.Ad-Hoc|iPhoneSimulator.Build.0 = Release|Any CPU
		{F46A426A-B9A6-4560-8241-46BC636061A7}.Ad-Hoc|iPhoneSimulator.Deploy.0 = Release|Any CPU
		{F46A426A-B9A6-4560-8241-46BC636061A7}.Ad-Hoc|x64.ActiveCfg = Release|x64
		{F46A426A-B9A6-4560-8241-46BC636061A7}.Ad-Hoc|x64.Build.0 = Release|x64
		{F46A426A-B9A6-4560-8241-46BC636061A7}.Ad-Hoc|x64.Deploy.0 = Release|x64
		{F46A426A-B9A6-4560-8241-46BC636061A7}.Ad-Hoc|x86.ActiveCfg = Release|x86
		{F46A426A-B9A6-4560-8241-46BC636061A7}.Ad-Hoc|x86.Build.0 = Release|x86
		{F46A426A-B9A6-4560-8241-46BC636061A7}.Ad-Hoc|x86.Deploy.0 = Release|x86
		{F46A426A-B9A6-4560-8241-46BC636061A7}.AppStore|Any CPU.ActiveCfg = Release|Any CPU
		{F46A426A-B9A6-4560-8241-46BC636061A7}.AppStore|Any CPU.Build.0 = Release|Any CPU
		{F46A426A-B9A6-4560-8241-46BC636061A7}.AppStore|Any CPU.Deploy.0 = Release|Any CPU
		{F46A426A-B9A6-4560-8241-46BC636061A7}.AppStore|ARM.ActiveCfg = Release|ARM
		{F46A426A-B9A6-4560-8241-46BC636061A7}.AppStore|ARM.Build.0 = Release|ARM
		{F46A426A-B9A6-4560-8241-46BC636061A7}.AppStore|ARM.Deploy.0 = Release|ARM
		{F46A426A-B9A6-4560-8241-46BC636061A7}.AppStore|iPhone.ActiveCfg = Release|Any CPU
		{F46A426A-B9A6-4560-8241-46BC636061A7}.AppStore|iPhone.Build.0 = Release|Any CPU
		{F46A426A-B9A6-4560-8241-46BC636061A7}.AppStore|iPhone.Deploy.0 = Release|Any CPU
		{F46A426A-B9A6-4560-8241-46BC636061A7}.AppStore|iPhoneSimulator.ActiveCfg = Release|Any CPU
		{F46A426A-B9A6-4560-8241-46BC636061A7}.AppStore|iPhoneSimulator.Build.0 = Release|Any CPU
		{F46A426A-B9A6-4560-8241-46BC636061A7}.AppStore|iPhoneSimulator.Deploy.0 = Release|Any CPU
		{F46A426A-B9A6-4560-8241-46BC636061A7}.AppStore|x64.ActiveCfg = Release|x64
		{F46A426A-B9A6-4560-8241-46BC636061A7}.AppStore|x64.Build.0 = Release|x64
		{F46A426A-B9A6-4560-8241-46BC636061A7}.AppStore|x64.Deploy.0 = Release|x64
		{F46A426A-B9A6-4560-8241-46BC636061A7}.AppStore|x86.ActiveCfg = Release|x86
		{F46A426A-B9A6-4560-8241-46BC636061A7}.AppStore|x86.Build.0 = Release|x86
		{F46A426A-B9A6-4560-8241-46BC636061A7}.AppStore|x86.Deploy.0 = Release|x86
		{F46A426A-B9A6-4560-8241-46BC636061A7}.Debug|Any CPU.ActiveCfg = Debug|Any CPU
		{F46A426A-B9A6-4560-8241-46BC636061A7}.Debug|Any CPU.Build.0 = Debug|Any CPU
		{F46A426A-B9A6-4560-8241-46BC636061A7}.Debug|Any CPU.Deploy.0 = Debug|Any CPU
		{F46A426A-B9A6-4560-8241-46BC636061A7}.Debug|ARM.ActiveCfg = Debug|ARM
		{F46A426A-B9A6-4560-8241-46BC636061A7}.Debug|ARM.Build.0 = Debug|ARM
		{F46A426A-B9A6-4560-8241-46BC636061A7}.Debug|ARM.Deploy.0 = Debug|ARM
		{F46A426A-B9A6-4560-8241-46BC636061A7}.Debug|iPhone.ActiveCfg = Debug|Any CPU
		{F46A426A-B9A6-4560-8241-46BC636061A7}.Debug|iPhone.Build.0 = Debug|Any CPU
		{F46A426A-B9A6-4560-8241-46BC636061A7}.Debug|iPhone.Deploy.0 = Debug|Any CPU
		{F46A426A-B9A6-4560-8241-46BC636061A7}.Debug|iPhoneSimulator.ActiveCfg = Debug|Any CPU
		{F46A426A-B9A6-4560-8241-46BC636061A7}.Debug|iPhoneSimulator.Build.0 = Debug|Any CPU
		{F46A426A-B9A6-4560-8241-46BC636061A7}.Debug|iPhoneSimulator.Deploy.0 = Debug|Any CPU
		{F46A426A-B9A6-4560-8241-46BC636061A7}.Debug|x64.ActiveCfg = Debug|x64
		{F46A426A-B9A6-4560-8241-46BC636061A7}.Debug|x64.Build.0 = Debug|x64
		{F46A426A-B9A6-4560-8241-46BC636061A7}.Debug|x64.Deploy.0 = Debug|x64
		{F46A426A-B9A6-4560-8241-46BC636061A7}.Debug|x86.ActiveCfg = Debug|x86
		{F46A426A-B9A6-4560-8241-46BC636061A7}.Debug|x86.Build.0 = Debug|x86
		{F46A426A-B9A6-4560-8241-46BC636061A7}.Debug|x86.Deploy.0 = Debug|x86
		{F46A426A-B9A6-4560-8241-46BC636061A7}.Release|Any CPU.ActiveCfg = Release|Any CPU
		{F46A426A-B9A6-4560-8241-46BC636061A7}.Release|Any CPU.Build.0 = Release|Any CPU
		{F46A426A-B9A6-4560-8241-46BC636061A7}.Release|Any CPU.Deploy.0 = Release|Any CPU
		{F46A426A-B9A6-4560-8241-46BC636061A7}.Release|ARM.ActiveCfg = Release|ARM
		{F46A426A-B9A6-4560-8241-46BC636061A7}.Release|ARM.Build.0 = Release|ARM
		{F46A426A-B9A6-4560-8241-46BC636061A7}.Release|ARM.Deploy.0 = Release|ARM
		{F46A426A-B9A6-4560-8241-46BC636061A7}.Release|iPhone.ActiveCfg = Release|Any CPU
		{F46A426A-B9A6-4560-8241-46BC636061A7}.Release|iPhone.Build.0 = Release|Any CPU
		{F46A426A-B9A6-4560-8241-46BC636061A7}.Release|iPhone.Deploy.0 = Release|Any CPU
		{F46A426A-B9A6-4560-8241-46BC636061A7}.Release|iPhoneSimulator.ActiveCfg = Release|Any CPU
		{F46A426A-B9A6-4560-8241-46BC636061A7}.Release|iPhoneSimulator.Build.0 = Release|Any CPU
		{F46A426A-B9A6-4560-8241-46BC636061A7}.Release|iPhoneSimulator.Deploy.0 = Release|Any CPU
		{F46A426A-B9A6-4560-8241-46BC636061A7}.Release|x64.ActiveCfg = Release|x64
		{F46A426A-B9A6-4560-8241-46BC636061A7}.Release|x64.Build.0 = Release|x64
		{F46A426A-B9A6-4560-8241-46BC636061A7}.Release|x64.Deploy.0 = Release|x64
		{F46A426A-B9A6-4560-8241-46BC636061A7}.Release|x86.ActiveCfg = Release|x86
		{F46A426A-B9A6-4560-8241-46BC636061A7}.Release|x86.Build.0 = Release|x86
		{F46A426A-B9A6-4560-8241-46BC636061A7}.Release|x86.Deploy.0 = Release|x86
	EndGlobalSection
	GlobalSection(SolutionProperties) = preSolution
		HideSolutionNode = FALSE
	EndGlobalSection
EndGlobal
